
Microsoft Visual Studio Solution File, Format Version 12.00
# Visual Studio 15
VisualStudioVersion = 15.0.26124.0
MinimumVisualStudioVersion = 15.0.26124.0
Project("{2150E333-8FDC-42A3-9474-1A3956D46DE8}") = "src", "src", "{C12C1289-6B1C-44FA-A500-F70B9530EA27}"
EndProject
Project("{6EC3EE1D-3C4E-46DD-8F32-0CC8E7565705}") = "FSharpLanguageServer", "src\FSharpLanguageServer\FSharpLanguageServer.fsproj", "{56790B4C-96F9-4A15-99B3-D643EACEEB7B}"
EndProject
Project("{6EC3EE1D-3C4E-46DD-8F32-0CC8E7565705}") = "LSP", "src\LSP\LSP.fsproj", "{0D048A71-6AA3-4F50-8E27-FB6E34B4537B}"
EndProject
Project("{6EC3EE1D-3C4E-46DD-8F32-0CC8E7565705}") = "ProjectCracker", "src\ProjectCracker\ProjectCracker.fsproj", "{CAE67C77-88CA-4E1D-AB56-BA24C63A9521}"
EndProject
Project("{2150E333-8FDC-42A3-9474-1A3956D46DE8}") = "tests", "tests", "{6A478F23-67F9-4F5B-9159-589A05EBBFB5}"
EndProject
Project("{6EC3EE1D-3C4E-46DD-8F32-0CC8E7565705}") = "FSharpLanguageServer.Tests", "tests\FSharpLanguageServer.Tests\FSharpLanguageServer.Tests.fsproj", "{7C5994F9-641C-4A79-ADB6-6A0412EB885B}"
EndProject
Project("{6EC3EE1D-3C4E-46DD-8F32-0CC8E7565705}") = "LSP.Tests", "tests\LSP.Tests\LSP.Tests.fsproj", "{1D0BB852-97FA-4933-8595-A2B579B3768F}"
EndProject
Project("{6EC3EE1D-3C4E-46DD-8F32-0CC8E7565705}") = "ProjectCracker.Tests", "tests\ProjectCracker.Tests\ProjectCracker.Tests.fsproj", "{12BD685B-EFDB-4991-A9FE-2CBB28944383}"
EndProject
Project("{9A19103F-16F7-4668-BE54-9A1E7A4F7556}") = "ProjectInfo", "tests\ProjectInfo\ProjectInfo.csproj", "{EB22E80A-4C8C-4B5D-B114-BC0CDA57207F}"
EndProject
Global
	GlobalSection(SolutionConfigurationPlatforms) = preSolution
		Debug|Any CPU = Debug|Any CPU
		Debug|x64 = Debug|x64
		Debug|x86 = Debug|x86
		Release|Any CPU = Release|Any CPU
		Release|x64 = Release|x64
		Release|x86 = Release|x86
	EndGlobalSection
	GlobalSection(ProjectConfigurationPlatforms) = postSolution
		{56790B4C-96F9-4A15-99B3-D643EACEEB7B}.Debug|Any CPU.ActiveCfg = Debug|Any CPU
		{56790B4C-96F9-4A15-99B3-D643EACEEB7B}.Debug|Any CPU.Build.0 = Debug|Any CPU
		{56790B4C-96F9-4A15-99B3-D643EACEEB7B}.Debug|x64.ActiveCfg = Debug|Any CPU
		{56790B4C-96F9-4A15-99B3-D643EACEEB7B}.Debug|x64.Build.0 = Debug|Any CPU
		{56790B4C-96F9-4A15-99B3-D643EACEEB7B}.Debug|x86.ActiveCfg = Debug|Any CPU
		{56790B4C-96F9-4A15-99B3-D643EACEEB7B}.Debug|x86.Build.0 = Debug|Any CPU
		{56790B4C-96F9-4A15-99B3-D643EACEEB7B}.Release|Any CPU.ActiveCfg = Release|Any CPU
		{56790B4C-96F9-4A15-99B3-D643EACEEB7B}.Release|Any CPU.Build.0 = Release|Any CPU
		{56790B4C-96F9-4A15-99B3-D643EACEEB7B}.Release|x64.ActiveCfg = Release|Any CPU
		{56790B4C-96F9-4A15-99B3-D643EACEEB7B}.Release|x64.Build.0 = Release|Any CPU
		{56790B4C-96F9-4A15-99B3-D643EACEEB7B}.Release|x86.ActiveCfg = Release|Any CPU
		{56790B4C-96F9-4A15-99B3-D643EACEEB7B}.Release|x86.Build.0 = Release|Any CPU
		{0D048A71-6AA3-4F50-8E27-FB6E34B4537B}.Debug|Any CPU.ActiveCfg = Debug|Any CPU
		{0D048A71-6AA3-4F50-8E27-FB6E34B4537B}.Debug|Any CPU.Build.0 = Debug|Any CPU
		{0D048A71-6AA3-4F50-8E27-FB6E34B4537B}.Debug|x64.ActiveCfg = Debug|Any CPU
		{0D048A71-6AA3-4F50-8E27-FB6E34B4537B}.Debug|x64.Build.0 = Debug|Any CPU
		{0D048A71-6AA3-4F50-8E27-FB6E34B4537B}.Debug|x86.ActiveCfg = Debug|Any CPU
		{0D048A71-6AA3-4F50-8E27-FB6E34B4537B}.Debug|x86.Build.0 = Debug|Any CPU
		{0D048A71-6AA3-4F50-8E27-FB6E34B4537B}.Release|Any CPU.ActiveCfg = Release|Any CPU
		{0D048A71-6AA3-4F50-8E27-FB6E34B4537B}.Release|Any CPU.Build.0 = Release|Any CPU
		{0D048A71-6AA3-4F50-8E27-FB6E34B4537B}.Release|x64.ActiveCfg = Release|Any CPU
		{0D048A71-6AA3-4F50-8E27-FB6E34B4537B}.Release|x64.Build.0 = Release|Any CPU
		{0D048A71-6AA3-4F50-8E27-FB6E34B4537B}.Release|x86.ActiveCfg = Release|Any CPU
		{0D048A71-6AA3-4F50-8E27-FB6E34B4537B}.Release|x86.Build.0 = Release|Any CPU
		{CAE67C77-88CA-4E1D-AB56-BA24C63A9521}.Debug|Any CPU.ActiveCfg = Debug|Any CPU
		{CAE67C77-88CA-4E1D-AB56-BA24C63A9521}.Debug|Any CPU.Build.0 = Debug|Any CPU
		{CAE67C77-88CA-4E1D-AB56-BA24C63A9521}.Debug|x64.ActiveCfg = Debug|Any CPU
		{CAE67C77-88CA-4E1D-AB56-BA24C63A9521}.Debug|x64.Build.0 = Debug|Any CPU
		{CAE67C77-88CA-4E1D-AB56-BA24C63A9521}.Debug|x86.ActiveCfg = Debug|Any CPU
		{CAE67C77-88CA-4E1D-AB56-BA24C63A9521}.Debug|x86.Build.0 = Debug|Any CPU
		{CAE67C77-88CA-4E1D-AB56-BA24C63A9521}.Release|Any CPU.ActiveCfg = Release|Any CPU
		{CAE67C77-88CA-4E1D-AB56-BA24C63A9521}.Release|Any CPU.Build.0 = Release|Any CPU
		{CAE67C77-88CA-4E1D-AB56-BA24C63A9521}.Release|x64.ActiveCfg = Release|Any CPU
		{CAE67C77-88CA-4E1D-AB56-BA24C63A9521}.Release|x64.Build.0 = Release|Any CPU
		{CAE67C77-88CA-4E1D-AB56-BA24C63A9521}.Release|x86.ActiveCfg = Release|Any CPU
		{CAE67C77-88CA-4E1D-AB56-BA24C63A9521}.Release|x86.Build.0 = Release|Any CPU
		{7C5994F9-641C-4A79-ADB6-6A0412EB885B}.Debug|Any CPU.ActiveCfg = Debug|Any CPU
		{7C5994F9-641C-4A79-ADB6-6A0412EB885B}.Debug|Any CPU.Build.0 = Debug|Any CPU
		{7C5994F9-641C-4A79-ADB6-6A0412EB885B}.Debug|x64.ActiveCfg = Debug|Any CPU
		{7C5994F9-641C-4A79-ADB6-6A0412EB885B}.Debug|x64.Build.0 = Debug|Any CPU
		{7C5994F9-641C-4A79-ADB6-6A0412EB885B}.Debug|x86.ActiveCfg = Debug|Any CPU
		{7C5994F9-641C-4A79-ADB6-6A0412EB885B}.Debug|x86.Build.0 = Debug|Any CPU
		{7C5994F9-641C-4A79-ADB6-6A0412EB885B}.Release|Any CPU.ActiveCfg = Release|Any CPU
		{7C5994F9-641C-4A79-ADB6-6A0412EB885B}.Release|Any CPU.Build.0 = Release|Any CPU
		{7C5994F9-641C-4A79-ADB6-6A0412EB885B}.Release|x64.ActiveCfg = Release|Any CPU
		{7C5994F9-641C-4A79-ADB6-6A0412EB885B}.Release|x64.Build.0 = Release|Any CPU
		{7C5994F9-641C-4A79-ADB6-6A0412EB885B}.Release|x86.ActiveCfg = Release|Any CPU
		{7C5994F9-641C-4A79-ADB6-6A0412EB885B}.Release|x86.Build.0 = Release|Any CPU
		{1D0BB852-97FA-4933-8595-A2B579B3768F}.Debug|Any CPU.ActiveCfg = Debug|Any CPU
		{1D0BB852-97FA-4933-8595-A2B579B3768F}.Debug|Any CPU.Build.0 = Debug|Any CPU
		{1D0BB852-97FA-4933-8595-A2B579B3768F}.Debug|x64.ActiveCfg = Debug|Any CPU
		{1D0BB852-97FA-4933-8595-A2B579B3768F}.Debug|x64.Build.0 = Debug|Any CPU
		{1D0BB852-97FA-4933-8595-A2B579B3768F}.Debug|x86.ActiveCfg = Debug|Any CPU
		{1D0BB852-97FA-4933-8595-A2B579B3768F}.Debug|x86.Build.0 = Debug|Any CPU
		{1D0BB852-97FA-4933-8595-A2B579B3768F}.Release|Any CPU.ActiveCfg = Release|Any CPU
		{1D0BB852-97FA-4933-8595-A2B579B3768F}.Release|Any CPU.Build.0 = Release|Any CPU
		{1D0BB852-97FA-4933-8595-A2B579B3768F}.Release|x64.ActiveCfg = Release|Any CPU
		{1D0BB852-97FA-4933-8595-A2B579B3768F}.Release|x64.Build.0 = Release|Any CPU
		{1D0BB852-97FA-4933-8595-A2B579B3768F}.Release|x86.ActiveCfg = Release|Any CPU
		{1D0BB852-97FA-4933-8595-A2B579B3768F}.Release|x86.Build.0 = Release|Any CPU
		{12BD685B-EFDB-4991-A9FE-2CBB28944383}.Debug|Any CPU.ActiveCfg = Debug|Any CPU
		{12BD685B-EFDB-4991-A9FE-2CBB28944383}.Debug|Any CPU.Build.0 = Debug|Any CPU
		{12BD685B-EFDB-4991-A9FE-2CBB28944383}.Debug|x64.ActiveCfg = Debug|Any CPU
		{12BD685B-EFDB-4991-A9FE-2CBB28944383}.Debug|x64.Build.0 = Debug|Any CPU
		{12BD685B-EFDB-4991-A9FE-2CBB28944383}.Debug|x86.ActiveCfg = Debug|Any CPU
		{12BD685B-EFDB-4991-A9FE-2CBB28944383}.Debug|x86.Build.0 = Debug|Any CPU
		{12BD685B-EFDB-4991-A9FE-2CBB28944383}.Release|Any CPU.ActiveCfg = Release|Any CPU
		{12BD685B-EFDB-4991-A9FE-2CBB28944383}.Release|Any CPU.Build.0 = Release|Any CPU
		{12BD685B-EFDB-4991-A9FE-2CBB28944383}.Release|x64.ActiveCfg = Release|Any CPU
		{12BD685B-EFDB-4991-A9FE-2CBB28944383}.Release|x64.Build.0 = Release|Any CPU
		{12BD685B-EFDB-4991-A9FE-2CBB28944383}.Release|x86.ActiveCfg = Release|Any CPU
		{12BD685B-EFDB-4991-A9FE-2CBB28944383}.Release|x86.Build.0 = Release|Any CPU
		{EB22E80A-4C8C-4B5D-B114-BC0CDA57207F}.Debug|Any CPU.ActiveCfg = Debug|Any CPU
		{EB22E80A-4C8C-4B5D-B114-BC0CDA57207F}.Debug|Any CPU.Build.0 = Debug|Any CPU
		{EB22E80A-4C8C-4B5D-B114-BC0CDA57207F}.Debug|x64.ActiveCfg = Debug|Any CPU
		{EB22E80A-4C8C-4B5D-B114-BC0CDA57207F}.Debug|x64.Build.0 = Debug|Any CPU
		{EB22E80A-4C8C-4B5D-B114-BC0CDA57207F}.Debug|x86.ActiveCfg = Debug|Any CPU
		{EB22E80A-4C8C-4B5D-B114-BC0CDA57207F}.Debug|x86.Build.0 = Debug|Any CPU
		{EB22E80A-4C8C-4B5D-B114-BC0CDA57207F}.Release|Any CPU.ActiveCfg = Release|Any CPU
		{EB22E80A-4C8C-4B5D-B114-BC0CDA57207F}.Release|Any CPU.Build.0 = Release|Any CPU
		{EB22E80A-4C8C-4B5D-B114-BC0CDA57207F}.Release|x64.ActiveCfg = Release|Any CPU
		{EB22E80A-4C8C-4B5D-B114-BC0CDA57207F}.Release|x64.Build.0 = Release|Any CPU
		{EB22E80A-4C8C-4B5D-B114-BC0CDA57207F}.Release|x86.ActiveCfg = Release|Any CPU
		{EB22E80A-4C8C-4B5D-B114-BC0CDA57207F}.Release|x86.Build.0 = Release|Any CPU
	EndGlobalSection
	GlobalSection(SolutionProperties) = preSolution
		HideSolutionNode = FALSE
	EndGlobalSection
	GlobalSection(NestedProjects) = preSolution
		{56790B4C-96F9-4A15-99B3-D643EACEEB7B} = {C12C1289-6B1C-44FA-A500-F70B9530EA27}
		{0D048A71-6AA3-4F50-8E27-FB6E34B4537B} = {C12C1289-6B1C-44FA-A500-F70B9530EA27}
		{CAE67C77-88CA-4E1D-AB56-BA24C63A9521} = {C12C1289-6B1C-44FA-A500-F70B9530EA27}
		{7C5994F9-641C-4A79-ADB6-6A0412EB885B} = {6A478F23-67F9-4F5B-9159-589A05EBBFB5}
		{1D0BB852-97FA-4933-8595-A2B579B3768F} = {6A478F23-67F9-4F5B-9159-589A05EBBFB5}
		{12BD685B-EFDB-4991-A9FE-2CBB28944383} = {6A478F23-67F9-4F5B-9159-589A05EBBFB5}
		{EB22E80A-4C8C-4B5D-B114-BC0CDA57207F} = {6A478F23-67F9-4F5B-9159-589A05EBBFB5}
	EndGlobalSection
	GlobalSection(ExtensibilityGlobals) = postSolution
		SolutionGuid = {D1780FDB-8256-4C0E-816E-F4EE51CE37A2}
	EndGlobalSection
EndGlobal
