{
    "name": "coc-fsharp",
    "version": "0.1.51",
    "lockfileVersion": 1,
    "requires": true,
    "dependencies": {
        "@chemzqm/neovim": {
            "version": "5.1.7",
            "resolved": "https://registry.npmjs.org/@chemzqm/neovim/-/neovim-5.1.7.tgz",
            "integrity": "sha512-Ed5w6wQJnCoI6L1oq0kxKdWzwXpExSGR+I7YBIp+5Wr+KTRptEJgWrYX64Vg1g0o+ugB99Qo6qpCulK2nmXwQg==",
            "dev": true,
            "requires": {
                "msgpack-lite": "^0.1.26"
            }
        },
        "@types/node": {
            "version": "10.3.3",
            "resolved": "https://registry.npmjs.org/@types/node/-/node-10.3.3.tgz",
            "integrity": "sha512-/gwCgiI2e9RzzZTKbl+am3vgNqOt7a9fJ/uxv4SqYKxenoEDNVU3KZEadlpusWhQI0A0dOrZ0T68JYKVjzmgdQ==",
            "dev": true
        },
        "async": {
            "version": "2.6.2",
            "resolved": "https://registry.npmjs.org/async/-/async-2.6.2.tgz",
            "integrity": "sha512-H1qVYh1MYhEEFLsP97cVKqCGo7KfCyTt6uEWqsTBr9SO84oK9Uwbyd/yCW+6rKJLHksBNUVWZDAjfS+Ccx0Bbg==",
            "dev": true,
            "requires": {
                "lodash": "^4.17.11"
            }
        },
        "balanced-match": {
            "version": "1.0.0",
            "resolved": "https://registry.npmjs.org/balanced-match/-/balanced-match-1.0.0.tgz",
            "integrity": "sha1-ibTRmasr7kneFk6gK4nORi1xt2c=",
            "dev": true
        },
        "brace-expansion": {
            "version": "1.1.11",
            "resolved": "https://registry.npmjs.org/brace-expansion/-/brace-expansion-1.1.11.tgz",
            "integrity": "sha512-iCuPHDFgrHX7H2vEI/5xpz07zSHB00TpugqhmYtVmMO6518mCuRMoOYFldEBl0g187ufozdaHgWKcYFb61qGiA==",
            "dev": true,
            "requires": {
                "balanced-match": "^1.0.0",
                "concat-map": "0.0.1"
            }
        },
        "bser": {
            "version": "2.1.0",
            "resolved": "https://registry.npmjs.org/bser/-/bser-2.1.0.tgz",
            "integrity": "sha512-8zsjWrQkkBoLK6uxASk1nJ2SKv97ltiGDo6A3wA0/yRPz+CwmEyDo0hUrhIuukG2JHpAl3bvFIixw2/3Hi0DOg==",
            "dev": true,
            "requires": {
                "node-int64": "^0.4.0"
            }
        },
        "coc.nvim": {
            "version": "0.0.71",
            "resolved": "https://registry.npmjs.org/coc.nvim/-/coc.nvim-0.0.71.tgz",
            "integrity": "sha512-290/Vit+HDmvOcvgBxfeCF92aUqG0RJJztb2LTP1sSL1Q3SSXlfcr55ekEAGpRv+h3H5V3JpUvpeXJGPR6qsRw==",
            "dev": true,
            "requires": {
                "@chemzqm/neovim": "5.1.7",
                "debounce": "^1.2.0",
                "fast-diff": "^1.2.0",
                "fb-watchman": "^2.0.0",
                "glob": "^7.1.4",
                "isuri": "^2.0.3",
                "jsonc-parser": "^2.1.0",
                "log4js": "^4.3.1",
                "minimatch": "^3.0.4",
                "semver": "^6.1.1",
                "tslib": "^1.10.0",
                "uuid": "^3.3.2",
                "vscode-languageserver-protocol": "3.15.0-next.6",
                "vscode-languageserver-types": "3.15.0-next.2",
                "vscode-uri": "^2.0.2",
                "which": "^1.3.1"
            }
        },
        "concat-map": {
            "version": "0.0.1",
            "resolved": "https://registry.npmjs.org/concat-map/-/concat-map-0.0.1.tgz",
            "integrity": "sha1-2Klr13/Wjfd5OnMDajug1UBdR3s=",
            "dev": true
        },
        "date-format": {
            "version": "2.0.0",
            "resolved": "https://registry.npmjs.org/date-format/-/date-format-2.0.0.tgz",
            "integrity": "sha512-M6UqVvZVgFYqZL1SfHsRGIQSz3ZL+qgbsV5Lp1Vj61LZVYuEwcMXYay7DRDtYs2HQQBK5hQtQ0fD9aEJ89V0LA==",
            "dev": true
        },
        "debounce": {
            "version": "1.2.0",
            "resolved": "https://registry.npmjs.org/debounce/-/debounce-1.2.0.tgz",
            "integrity": "sha512-mYtLl1xfZLi1m4RtQYlZgJUNQjl4ZxVnHzIR8nLLgi4q1YT8o/WM+MK/f8yfcc9s5Ir5zRaPZyZU6xs1Syoocg==",
            "dev": true
        },
        "debug": {
            "version": "4.1.1",
            "resolved": "https://registry.npmjs.org/debug/-/debug-4.1.1.tgz",
            "integrity": "sha512-pYAIzeRo8J6KPEaJ0VWOh5Pzkbw/RetuzehGM7QRRX5he4fPHx2rdKMB256ehJCkX+XRQm16eZLqLNS8RSZXZw==",
            "dev": true,
            "requires": {
                "ms": "^2.1.1"
            }
        },
        "event-lite": {
            "version": "0.1.2",
            "resolved": "https://registry.npmjs.org/event-lite/-/event-lite-0.1.2.tgz",
            "integrity": "sha512-HnSYx1BsJ87/p6swwzv+2v6B4X+uxUteoDfRxsAb1S1BePzQqOLevVmkdA15GHJVd9A9Ok6wygUR18Hu0YeV9g==",
            "dev": true
        },
        "fast-diff": {
            "version": "1.2.0",
            "resolved": "https://registry.npmjs.org/fast-diff/-/fast-diff-1.2.0.tgz",
            "integrity": "sha512-xJuoT5+L99XlZ8twedaRf6Ax2TgQVxvgZOYoPKqZufmJib0tL2tegPBOZb1pVNgIhlqDlA0eO0c3wBvQcmzx4w==",
            "dev": true
        },
        "fb-watchman": {
            "version": "2.0.0",
            "resolved": "https://registry.npmjs.org/fb-watchman/-/fb-watchman-2.0.0.tgz",
            "integrity": "sha1-VOmr99+i8mzZsWNsWIwa/AXeXVg=",
            "dev": true,
            "requires": {
                "bser": "^2.0.0"
            }
        },
        "flatted": {
            "version": "2.0.1",
            "resolved": "https://registry.npmjs.org/flatted/-/flatted-2.0.1.tgz",
            "integrity": "sha512-a1hQMktqW9Nmqr5aktAux3JMNqaucxGcjtjWnZLHX7yyPCmlSV3M54nGYbqT8K+0GhF3NBgmJCc3ma+WOgX8Jg==",
            "dev": true
        },
        "fs-extra": {
            "version": "7.0.1",
            "resolved": "https://registry.npmjs.org/fs-extra/-/fs-extra-7.0.1.tgz",
            "integrity": "sha512-YJDaCJZEnBmcbw13fvdAM9AwNOJwOzrE4pqMqBq5nFiEqXUqHwlK4B+3pUw6JNvfSPtX05xFHtYy/1ni01eGCw==",
            "dev": true,
            "requires": {
                "graceful-fs": "^4.1.2",
                "jsonfile": "^4.0.0",
                "universalify": "^0.1.0"
            }
        },
        "fs.realpath": {
            "version": "1.0.0",
            "resolved": "https://registry.npmjs.org/fs.realpath/-/fs.realpath-1.0.0.tgz",
            "integrity": "sha1-FQStJSMVjKpA20onh8sBQRmU6k8=",
            "dev": true
        },
        "glob": {
            "version": "7.1.4",
            "resolved": "https://registry.npmjs.org/glob/-/glob-7.1.4.tgz",
            "integrity": "sha512-hkLPepehmnKk41pUGm3sYxoFs/umurYfYJCerbXEyFIWcAzvpipAgVkBqqT9RBKMGjnq6kMuyYwha6csxbiM1A==",
            "dev": true,
            "requires": {
                "fs.realpath": "^1.0.0",
                "inflight": "^1.0.4",
                "inherits": "2",
                "minimatch": "^3.0.4",
                "once": "^1.3.0",
                "path-is-absolute": "^1.0.0"
            }
        },
        "graceful-fs": {
            "version": "4.2.0",
            "resolved": "https://registry.npmjs.org/graceful-fs/-/graceful-fs-4.2.0.tgz",
            "integrity": "sha512-jpSvDPV4Cq/bgtpndIWbI5hmYxhQGHPC4d4cqBPb4DLniCfhJokdXhwhaDuLBGLQdvvRum/UiX6ECVIPvDXqdg==",
            "dev": true
        },
        "ieee754": {
            "version": "1.1.13",
            "resolved": "https://registry.npmjs.org/ieee754/-/ieee754-1.1.13.tgz",
            "integrity": "sha512-4vf7I2LYV/HaWerSo3XmlMkp5eZ83i+/CDluXi/IGTs/O1sejBNhTtnxzmRZfvOUqj7lZjqHkeTvpgSFDlWZTg==",
            "dev": true
        },
        "inflight": {
            "version": "1.0.6",
            "resolved": "https://registry.npmjs.org/inflight/-/inflight-1.0.6.tgz",
            "integrity": "sha1-Sb1jMdfQLQwJvJEKEHW6gWW1bfk=",
            "dev": true,
            "requires": {
                "once": "^1.3.0",
                "wrappy": "1"
            }
        },
        "inherits": {
            "version": "2.0.4",
            "resolved": "https://registry.npmjs.org/inherits/-/inherits-2.0.4.tgz",
            "integrity": "sha512-k/vGaX4/Yla3WzyMCvTQOXYeIHvqOKtnqBduzTHpzpQZzAskKMhZ2K+EnBiSM9zGSoIFeMpXKxa4dYeZIQqewQ==",
            "dev": true
        },
        "int64-buffer": {
            "version": "0.1.10",
            "resolved": "https://registry.npmjs.org/int64-buffer/-/int64-buffer-0.1.10.tgz",
            "integrity": "sha1-J3siiofZWtd30HwTgyAiQGpHNCM=",
            "dev": true
        },
        "isarray": {
            "version": "1.0.0",
            "resolved": "https://registry.npmjs.org/isarray/-/isarray-1.0.0.tgz",
            "integrity": "sha1-u5NdSFgsuhaMBoNJV6VKPgcSTxE=",
            "dev": true
        },
        "isexe": {
            "version": "2.0.0",
            "resolved": "https://registry.npmjs.org/isexe/-/isexe-2.0.0.tgz",
            "integrity": "sha1-6PvzdNxVb/iUehDcsFctYz8s+hA=",
            "dev": true
        },
        "isuri": {
            "version": "2.0.3",
            "resolved": "https://registry.npmjs.org/isuri/-/isuri-2.0.3.tgz",
            "integrity": "sha1-NDcSHbL+Za8LoIC34ahjb2MsypE=",
            "dev": true,
            "requires": {
                "rfc-3986": "1.0.1"
            }
        },
        "jsonc-parser": {
            "version": "2.1.0",
            "resolved": "https://registry.npmjs.org/jsonc-parser/-/jsonc-parser-2.1.0.tgz",
            "integrity": "sha512-n9GrT8rrr2fhvBbANa1g+xFmgGK5X91KFeDwlKQ3+SJfmH5+tKv/M/kahx/TXOMflfWHKGKqKyfHQaLKTNzJ6w==",
            "dev": true
        },
        "jsonfile": {
            "version": "4.0.0",
            "resolved": "https://registry.npmjs.org/jsonfile/-/jsonfile-4.0.0.tgz",
            "integrity": "sha1-h3Gq4HmbZAdrdmQPygWPnBDjPss=",
            "dev": true,
            "requires": {
                "graceful-fs": "^4.1.6"
            }
        },
        "lodash": {
            "version": "4.17.11",
            "resolved": "https://registry.npmjs.org/lodash/-/lodash-4.17.11.tgz",
            "integrity": "sha512-cQKh8igo5QUhZ7lg38DYWAxMvjSAKG0A8wGSVimP07SIUEK2UO+arSRKbRZWtelMtN5V0Hkwh5ryOto/SshYIg==",
            "dev": true
        },
        "log4js": {
            "version": "4.4.0",
            "resolved": "https://registry.npmjs.org/log4js/-/log4js-4.4.0.tgz",
            "integrity": "sha512-xwRvmxFsq8Hb7YeS+XKfvCrsH114bXex6mIwJ2+KmYVi23pB3+hlzyGq1JPycSFTJWNLhD/7PCtM0RfPy6/2yg==",
            "dev": true,
            "requires": {
                "date-format": "^2.0.0",
                "debug": "^4.1.1",
                "flatted": "^2.0.0",
                "rfdc": "^1.1.4",
                "streamroller": "^1.0.5"
            }
        },
        "minimatch": {
            "version": "3.0.4",
            "resolved": "https://registry.npmjs.org/minimatch/-/minimatch-3.0.4.tgz",
            "integrity": "sha512-yJHVQEhyqPLUTgt9B83PXu6W3rx4MvvHvSUvToogpwoGDOUQ+yDrR0HRot+yOCdCO7u4hX3pWft6kWBBcqh0UA==",
            "dev": true,
            "requires": {
                "brace-expansion": "^1.1.7"
            }
        },
        "ms": {
            "version": "2.1.2",
            "resolved": "https://registry.npmjs.org/ms/-/ms-2.1.2.tgz",
            "integrity": "sha512-sGkPx+VjMtmA6MX27oA4FBFELFCZZ4S4XqeGOXCv68tT+jb3vk/RyaKWP0PTKyWtmLSM0b+adUTEvbs1PEaH2w==",
            "dev": true
        },
        "msgpack-lite": {
            "version": "0.1.26",
            "resolved": "https://registry.npmjs.org/msgpack-lite/-/msgpack-lite-0.1.26.tgz",
            "integrity": "sha1-3TxQsm8FnyXn7e42REGDWOKprYk=",
            "dev": true,
            "requires": {
                "event-lite": "^0.1.1",
                "ieee754": "^1.1.8",
                "int64-buffer": "^0.1.9",
                "isarray": "^1.0.0"
            }
        },
        "node-int64": {
            "version": "0.4.0",
            "resolved": "https://registry.npmjs.org/node-int64/-/node-int64-0.4.0.tgz",
            "integrity": "sha1-h6kGXNs1XTGC2PlM4RGIuCXGijs=",
            "dev": true
        },
        "once": {
            "version": "1.4.0",
            "resolved": "https://registry.npmjs.org/once/-/once-1.4.0.tgz",
            "integrity": "sha1-WDsap3WWHUsROsF9nFC6753Xa9E=",
            "dev": true,
            "requires": {
                "wrappy": "1"
            }
        },
        "path-is-absolute": {
            "version": "1.0.1",
            "resolved": "https://registry.npmjs.org/path-is-absolute/-/path-is-absolute-1.0.1.tgz",
            "integrity": "sha1-F0uSaHNVNP+8es5r9TpanhtcX18=",
            "dev": true
        },
        "rfc-3986": {
            "version": "1.0.1",
            "resolved": "https://registry.npmjs.org/rfc-3986/-/rfc-3986-1.0.1.tgz",
            "integrity": "sha1-7uuINC+tvoAnwPNq2pIaE+b5YgY=",
            "dev": true
        },
        "rfdc": {
            "version": "1.1.4",
            "resolved": "https://registry.npmjs.org/rfdc/-/rfdc-1.1.4.tgz",
            "integrity": "sha512-5C9HXdzK8EAqN7JDif30jqsBzavB7wLpaubisuQIGHWf2gUXSpzy6ArX/+Da8RjFpagWsCn+pIgxTMAmKw9Zug==",
            "dev": true
        },
        "semver": {
            "version": "6.2.0",
            "resolved": "https://registry.npmjs.org/semver/-/semver-6.2.0.tgz",
            "integrity": "sha512-jdFC1VdUGT/2Scgbimf7FSx9iJLXoqfglSF+gJeuNWVpiE37OIbc1jywR/GJyFdz3mnkz2/id0L0J/cr0izR5A==",
            "dev": true
        },
        "streamroller": {
            "version": "1.0.5",
            "resolved": "https://registry.npmjs.org/streamroller/-/streamroller-1.0.5.tgz",
            "integrity": "sha512-iGVaMcyF5PcUY0cPbW3xFQUXnr9O4RZXNBBjhuLZgrjLO4XCLLGfx4T2sGqygSeylUjwgWRsnNbT9aV0Zb8AYw==",
            "dev": true,
            "requires": {
                "async": "^2.6.2",
                "date-format": "^2.0.0",
                "debug": "^3.2.6",
                "fs-extra": "^7.0.1",
                "lodash": "^4.17.11"
            },
            "dependencies": {
                "debug": {
                    "version": "3.2.6",
                    "resolved": "https://registry.npmjs.org/debug/-/debug-3.2.6.tgz",
                    "integrity": "sha512-mel+jf7nrtEl5Pn1Qx46zARXKDpBbvzezse7p7LqINmdoIk8PYP5SySaxEmYv6TZ0JyEKA1hsCId6DIhgITtWQ==",
                    "dev": true,
                    "requires": {
                        "ms": "^2.1.1"
                    }
                }
            }
        },
        "tslib": {
            "version": "1.10.0",
            "resolved": "https://registry.npmjs.org/tslib/-/tslib-1.10.0.tgz",
            "integrity": "sha512-qOebF53frne81cf0S9B41ByenJ3/IuH8yJKngAX35CmiZySA0khhkovshKK+jGCaMnVomla7gVlIcc3EvKPbTQ==",
            "dev": true
        },
        "typescript": {
            "version": "3.4.5",
            "resolved": "https://registry.npmjs.org/typescript/-/typescript-3.4.5.tgz",
            "integrity": "sha512-YycBxUb49UUhdNMU5aJ7z5Ej2XGmaIBL0x34vZ82fn3hGvD+bgrMrVDpatgz2f7YxUMJxMkbWxJZeAvDxVe7Vw==",
            "dev": true
        },
        "universalify": {
            "version": "0.1.2",
            "resolved": "https://registry.npmjs.org/universalify/-/universalify-0.1.2.tgz",
            "integrity": "sha512-rBJeI5CXAlmy1pV+617WB9J63U6XcazHHF2f2dbJix4XzpUF0RS3Zbj0FGIOCAva5P/d/GBOYaACQ1w+0azUkg==",
            "dev": true
        },
        "uuid": {
            "version": "3.3.2",
            "resolved": "https://registry.npmjs.org/uuid/-/uuid-3.3.2.tgz",
            "integrity": "sha512-yXJmeNaw3DnnKAOKJE51sL/ZaYfWJRl1pK9dr19YFCu0ObS231AB1/LbqTKRAQ5kw8A90rA6fr4riOUpTZvQZA==",
            "dev": true
        },
        "vscode-jsonrpc": {
            "version": "4.1.0-next.2",
            "resolved": "https://registry.npmjs.org/vscode-jsonrpc/-/vscode-jsonrpc-4.1.0-next.2.tgz",
            "integrity": "sha512-GsBLjP9DxQ42yl1mW9GEIlnSc0+R8mfzhaebwmmTPEJjezD5SPoAo3DFrIAFZha9yvQ1nzZfZlhtVpGQmgxtXg=="
        },
        "vscode-languageserver-protocol": {
            "version": "3.15.0-next.6",
            "resolved": "https://registry.npmjs.org/vscode-languageserver-protocol/-/vscode-languageserver-protocol-3.15.0-next.6.tgz",
            "integrity": "sha512-/yDpYlWyNs26mM23mT73xmOFsh1iRfgZfBdHmfAxwDKwpQKLoOSqVidtYfxlK/pD3IEKGcAVnT4WXTsguxxAMQ==",
            "requires": {
                "vscode-jsonrpc": "^4.1.0-next.2",
                "vscode-languageserver-types": "^3.15.0-next.2"
            }
        },
        "vscode-languageserver-types": {
            "version": "3.15.0-next.2",
            "resolved": "https://registry.npmjs.org/vscode-languageserver-types/-/vscode-languageserver-types-3.15.0-next.2.tgz",
            "integrity": "sha512-2JkrMWWUi2rlVLSo9OFR2PIGUzdiowEM8NgNYiwLKnXTjpwpjjIrJbNNxDik7Rv4oo9KtikcFQZKXbrKilL/MQ=="
        },
        "vscode-uri": {
            "version": "2.0.2",
            "resolved": "https://registry.npmjs.org/vscode-uri/-/vscode-uri-2.0.2.tgz",
            "integrity": "sha512-VebpIxm9tG0fG2sBOhnsSPzDYuNUPP1UQW4K3mwthlca4e4f3d6HKq3HkITC2OPFomOaB7pHTSjcpdFWjfYTzg==",
            "dev": true
        },
        "which": {
            "version": "1.3.1",
            "resolved": "https://registry.npmjs.org/which/-/which-1.3.1.tgz",
            "integrity": "sha512-HxJdYWq1MTIQbJ3nw0cqssHoTNU267KlrDuGZ1WYlxDStUtKUhOaJmh112/TZmHxxUfuJqPXSOm7tDyas0OSIQ==",
            "dev": true,
            "requires": {
                "isexe": "^2.0.0"
            }
        },
        "wrappy": {
            "version": "1.0.2",
            "resolved": "https://registry.npmjs.org/wrappy/-/wrappy-1.0.2.tgz",
            "integrity": "sha1-tSQ9jz7BqjXxNkYFvA0QNuMKtp8=",
            "dev": true
        }
    }
}
