{
    "name": "coc-fsharp",
    "version": "0.1.32",
    "lockfileVersion": 1,
    "requires": true,
    "dependencies": {
        "@chemzqm/neovim": {
            "version": "5.1.2",
            "resolved": "https://registry.npmjs.org/@chemzqm/neovim/-/neovim-5.1.2.tgz",
            "integrity": "sha512-2mK7Nap5Xhkewc62+3SGYZYm81hgf4YAz7xb0lmVSgLGGdQuLzWJOm5kB7L0T4u4fvqQeVUwIZ7ld6GE3ZFWiw==",
            "requires": {
                "msgpack-lite": "^0.1.26"
            }
        },
        "@types/node": {
            "version": "10.3.3",
            "resolved": "https://registry.npmjs.org/@types/node/-/node-10.3.3.tgz",
            "integrity": "sha512-/gwCgiI2e9RzzZTKbl+am3vgNqOt7a9fJ/uxv4SqYKxenoEDNVU3KZEadlpusWhQI0A0dOrZ0T68JYKVjzmgdQ==",
            "dev": true
        },
        "async": {
            "version": "2.6.2",
            "resolved": "https://registry.npmjs.org/async/-/async-2.6.2.tgz",
            "integrity": "sha512-H1qVYh1MYhEEFLsP97cVKqCGo7KfCyTt6uEWqsTBr9SO84oK9Uwbyd/yCW+6rKJLHksBNUVWZDAjfS+Ccx0Bbg==",
            "requires": {
                "lodash": "^4.17.11"
            }
        },
        "balanced-match": {
            "version": "1.0.0",
            "resolved": "https://registry.npmjs.org/balanced-match/-/balanced-match-1.0.0.tgz",
            "integrity": "sha1-ibTRmasr7kneFk6gK4nORi1xt2c="
        },
        "binary-search": {
            "version": "1.3.5",
            "resolved": "https://registry.npmjs.org/binary-search/-/binary-search-1.3.5.tgz",
            "integrity": "sha512-RHFP0AdU6KAB0CCZsRMU2CJTk2EpL8GLURT+4gilpjr1f/7M91FgUMnXuQLmf3OKLet34gjuNFwO7e4agdX5pw=="
        },
        "brace-expansion": {
            "version": "1.1.11",
            "resolved": "https://registry.npmjs.org/brace-expansion/-/brace-expansion-1.1.11.tgz",
            "integrity": "sha512-iCuPHDFgrHX7H2vEI/5xpz07zSHB00TpugqhmYtVmMO6518mCuRMoOYFldEBl0g187ufozdaHgWKcYFb61qGiA==",
            "requires": {
                "balanced-match": "^1.0.0",
                "concat-map": "0.0.1"
            }
        },
        "bser": {
            "version": "2.0.0",
            "resolved": "https://registry.npmjs.org/bser/-/bser-2.0.0.tgz",
            "integrity": "sha1-mseNPtXZFYBP2HrLFYvHlxR6Fxk=",
            "requires": {
                "node-int64": "^0.4.0"
            }
        },
        "coc.nvim": {
            "version": "0.0.67",
            "resolved": "https://registry.npmjs.org/coc.nvim/-/coc.nvim-0.0.67.tgz",
            "integrity": "sha512-7I+EZERfMkyQIUSAN4DOEA6tp8+pmenx2VK1zH4qPclQEK+JlbDaLulkfW7bd/SIwa7goTjrlXbFlu0+UoJA1g==",
            "requires": {
                "@chemzqm/neovim": "5.1.2",
                "binary-search": "1.3.5",
                "debounce": "^1.2.0",
                "fast-diff": "^1.2.0",
                "fb-watchman": "^2.0.0",
                "find-up": "^3.0.0",
                "glob": "^7.1.3",
                "isuri": "^2.0.3",
                "jsonc-parser": "^2.1.0",
                "log4js": "^4.1.0",
                "minimatch": "^3.0.4",
                "semver": "^6.0.0",
                "tslib": "^1.9.3",
                "uuid": "^3.3.2",
                "vscode-languageserver-protocol": "^3.15.0-next.4",
                "vscode-languageserver-types": "^3.15.0-next.1",
                "vscode-uri": "^1.0.6",
                "which": "^1.3.1"
            }
        },
        "concat-map": {
            "version": "0.0.1",
            "resolved": "https://registry.npmjs.org/concat-map/-/concat-map-0.0.1.tgz",
            "integrity": "sha1-2Klr13/Wjfd5OnMDajug1UBdR3s="
        },
        "date-format": {
            "version": "2.0.0",
            "resolved": "https://registry.npmjs.org/date-format/-/date-format-2.0.0.tgz",
            "integrity": "sha512-M6UqVvZVgFYqZL1SfHsRGIQSz3ZL+qgbsV5Lp1Vj61LZVYuEwcMXYay7DRDtYs2HQQBK5hQtQ0fD9aEJ89V0LA=="
        },
        "debounce": {
            "version": "1.2.0",
            "resolved": "https://registry.npmjs.org/debounce/-/debounce-1.2.0.tgz",
            "integrity": "sha512-mYtLl1xfZLi1m4RtQYlZgJUNQjl4ZxVnHzIR8nLLgi4q1YT8o/WM+MK/f8yfcc9s5Ir5zRaPZyZU6xs1Syoocg=="
        },
        "debug": {
            "version": "4.1.1",
            "resolved": "https://registry.npmjs.org/debug/-/debug-4.1.1.tgz",
            "integrity": "sha512-pYAIzeRo8J6KPEaJ0VWOh5Pzkbw/RetuzehGM7QRRX5he4fPHx2rdKMB256ehJCkX+XRQm16eZLqLNS8RSZXZw==",
            "requires": {
                "ms": "^2.1.1"
            }
        },
        "event-lite": {
            "version": "0.1.2",
            "resolved": "https://registry.npmjs.org/event-lite/-/event-lite-0.1.2.tgz",
            "integrity": "sha512-HnSYx1BsJ87/p6swwzv+2v6B4X+uxUteoDfRxsAb1S1BePzQqOLevVmkdA15GHJVd9A9Ok6wygUR18Hu0YeV9g=="
        },
        "fast-diff": {
            "version": "1.2.0",
            "resolved": "https://registry.npmjs.org/fast-diff/-/fast-diff-1.2.0.tgz",
            "integrity": "sha512-xJuoT5+L99XlZ8twedaRf6Ax2TgQVxvgZOYoPKqZufmJib0tL2tegPBOZb1pVNgIhlqDlA0eO0c3wBvQcmzx4w=="
        },
        "fb-watchman": {
            "version": "2.0.0",
            "resolved": "https://registry.npmjs.org/fb-watchman/-/fb-watchman-2.0.0.tgz",
            "integrity": "sha1-VOmr99+i8mzZsWNsWIwa/AXeXVg=",
            "requires": {
                "bser": "^2.0.0"
            }
        },
        "find-up": {
            "version": "3.0.0",
            "resolved": "https://registry.npmjs.org/find-up/-/find-up-3.0.0.tgz",
            "integrity": "sha512-1yD6RmLI1XBfxugvORwlck6f75tYL+iR0jqwsOrOxMZyGYqUuDhJ0l4AXdO1iX/FTs9cBAMEk1gWSEx1kSbylg==",
            "requires": {
                "locate-path": "^3.0.0"
            }
        },
        "flatted": {
            "version": "2.0.0",
            "resolved": "https://registry.npmjs.org/flatted/-/flatted-2.0.0.tgz",
            "integrity": "sha512-R+H8IZclI8AAkSBRQJLVOsxwAoHd6WC40b4QTNWIjzAa6BXOBfQcM587MXDTVPeYaopFNWHUFLx7eNmHDSxMWg=="
        },
        "fs-extra": {
            "version": "7.0.1",
            "resolved": "https://registry.npmjs.org/fs-extra/-/fs-extra-7.0.1.tgz",
            "integrity": "sha512-YJDaCJZEnBmcbw13fvdAM9AwNOJwOzrE4pqMqBq5nFiEqXUqHwlK4B+3pUw6JNvfSPtX05xFHtYy/1ni01eGCw==",
            "requires": {
                "graceful-fs": "^4.1.2",
                "jsonfile": "^4.0.0",
                "universalify": "^0.1.0"
            }
        },
        "fs.realpath": {
            "version": "1.0.0",
            "resolved": "https://registry.npmjs.org/fs.realpath/-/fs.realpath-1.0.0.tgz",
            "integrity": "sha1-FQStJSMVjKpA20onh8sBQRmU6k8="
        },
        "glob": {
            "version": "7.1.4",
            "resolved": "https://registry.npmjs.org/glob/-/glob-7.1.4.tgz",
            "integrity": "sha512-hkLPepehmnKk41pUGm3sYxoFs/umurYfYJCerbXEyFIWcAzvpipAgVkBqqT9RBKMGjnq6kMuyYwha6csxbiM1A==",
            "requires": {
                "fs.realpath": "^1.0.0",
                "inflight": "^1.0.4",
                "inherits": "2",
                "minimatch": "^3.0.4",
                "once": "^1.3.0",
                "path-is-absolute": "^1.0.0"
            }
        },
        "graceful-fs": {
            "version": "4.1.15",
            "resolved": "https://registry.npmjs.org/graceful-fs/-/graceful-fs-4.1.15.tgz",
            "integrity": "sha512-6uHUhOPEBgQ24HM+r6b/QwWfZq+yiFcipKFrOFiBEnWdy5sdzYoi+pJeQaPI5qOLRFqWmAXUPQNsielzdLoecA=="
        },
        "ieee754": {
            "version": "1.1.13",
            "resolved": "https://registry.npmjs.org/ieee754/-/ieee754-1.1.13.tgz",
            "integrity": "sha512-4vf7I2LYV/HaWerSo3XmlMkp5eZ83i+/CDluXi/IGTs/O1sejBNhTtnxzmRZfvOUqj7lZjqHkeTvpgSFDlWZTg=="
        },
        "inflight": {
            "version": "1.0.6",
            "resolved": "https://registry.npmjs.org/inflight/-/inflight-1.0.6.tgz",
            "integrity": "sha1-Sb1jMdfQLQwJvJEKEHW6gWW1bfk=",
            "requires": {
                "once": "^1.3.0",
                "wrappy": "1"
            }
        },
        "inherits": {
            "version": "2.0.3",
            "resolved": "https://registry.npmjs.org/inherits/-/inherits-2.0.3.tgz",
            "integrity": "sha1-Yzwsg+PaQqUC9SRmAiSA9CCCYd4="
        },
        "int64-buffer": {
            "version": "0.1.10",
            "resolved": "https://registry.npmjs.org/int64-buffer/-/int64-buffer-0.1.10.tgz",
            "integrity": "sha1-J3siiofZWtd30HwTgyAiQGpHNCM="
        },
        "isarray": {
            "version": "1.0.0",
            "resolved": "https://registry.npmjs.org/isarray/-/isarray-1.0.0.tgz",
            "integrity": "sha1-u5NdSFgsuhaMBoNJV6VKPgcSTxE="
        },
        "isexe": {
            "version": "2.0.0",
            "resolved": "https://registry.npmjs.org/isexe/-/isexe-2.0.0.tgz",
            "integrity": "sha1-6PvzdNxVb/iUehDcsFctYz8s+hA="
        },
        "isuri": {
            "version": "2.0.3",
            "resolved": "https://registry.npmjs.org/isuri/-/isuri-2.0.3.tgz",
            "integrity": "sha1-NDcSHbL+Za8LoIC34ahjb2MsypE=",
            "requires": {
                "rfc-3986": "1.0.1"
            }
        },
        "jsonc-parser": {
            "version": "2.1.0",
            "resolved": "https://registry.npmjs.org/jsonc-parser/-/jsonc-parser-2.1.0.tgz",
            "integrity": "sha512-n9GrT8rrr2fhvBbANa1g+xFmgGK5X91KFeDwlKQ3+SJfmH5+tKv/M/kahx/TXOMflfWHKGKqKyfHQaLKTNzJ6w=="
        },
        "jsonfile": {
            "version": "4.0.0",
            "resolved": "https://registry.npmjs.org/jsonfile/-/jsonfile-4.0.0.tgz",
            "integrity": "sha1-h3Gq4HmbZAdrdmQPygWPnBDjPss=",
            "requires": {
                "graceful-fs": "^4.1.6"
            }
        },
        "locate-path": {
            "version": "3.0.0",
            "resolved": "https://registry.npmjs.org/locate-path/-/locate-path-3.0.0.tgz",
            "integrity": "sha512-7AO748wWnIhNqAuaty2ZWHkQHRSNfPVIsPIfwEOWO22AmaoVrWavlOcMR5nzTLNYvp36X220/maaRsrec1G65A==",
            "requires": {
                "p-locate": "^3.0.0",
                "path-exists": "^3.0.0"
            }
        },
        "lodash": {
            "version": "4.17.11",
            "resolved": "https://registry.npmjs.org/lodash/-/lodash-4.17.11.tgz",
            "integrity": "sha512-cQKh8igo5QUhZ7lg38DYWAxMvjSAKG0A8wGSVimP07SIUEK2UO+arSRKbRZWtelMtN5V0Hkwh5ryOto/SshYIg=="
        },
        "log4js": {
            "version": "4.1.1",
            "resolved": "https://registry.npmjs.org/log4js/-/log4js-4.1.1.tgz",
            "integrity": "sha512-tSQUF9bBMdcBtuLD6vD7hBM9Ci6Lng/NVHZEq4YbuRGo7ObmLiZuhxz33HKAmJItit74pAjvZgirqYX2LRaoGA==",
            "requires": {
                "date-format": "^2.0.0",
                "debug": "^4.1.1",
                "flatted": "^2.0.0",
                "rfdc": "^1.1.2",
                "streamroller": "^1.0.4"
            }
        },
        "minimatch": {
            "version": "3.0.4",
            "resolved": "https://registry.npmjs.org/minimatch/-/minimatch-3.0.4.tgz",
            "integrity": "sha512-yJHVQEhyqPLUTgt9B83PXu6W3rx4MvvHvSUvToogpwoGDOUQ+yDrR0HRot+yOCdCO7u4hX3pWft6kWBBcqh0UA==",
            "requires": {
                "brace-expansion": "^1.1.7"
            }
        },
        "ms": {
            "version": "2.1.1",
            "resolved": "https://registry.npmjs.org/ms/-/ms-2.1.1.tgz",
            "integrity": "sha512-tgp+dl5cGk28utYktBsrFqA7HKgrhgPsg6Z/EfhWI4gl1Hwq8B/GmY/0oXZ6nF8hDVesS/FpnYaD/kOWhYQvyg=="
        },
        "msgpack-lite": {
            "version": "0.1.26",
            "resolved": "https://registry.npmjs.org/msgpack-lite/-/msgpack-lite-0.1.26.tgz",
            "integrity": "sha1-3TxQsm8FnyXn7e42REGDWOKprYk=",
            "requires": {
                "event-lite": "^0.1.1",
                "ieee754": "^1.1.8",
                "int64-buffer": "^0.1.9",
                "isarray": "^1.0.0"
            }
        },
        "node-int64": {
            "version": "0.4.0",
            "resolved": "https://registry.npmjs.org/node-int64/-/node-int64-0.4.0.tgz",
            "integrity": "sha1-h6kGXNs1XTGC2PlM4RGIuCXGijs="
        },
        "once": {
            "version": "1.4.0",
            "resolved": "https://registry.npmjs.org/once/-/once-1.4.0.tgz",
            "integrity": "sha1-WDsap3WWHUsROsF9nFC6753Xa9E=",
            "requires": {
                "wrappy": "1"
            }
        },
        "p-limit": {
            "version": "2.2.0",
            "resolved": "https://registry.npmjs.org/p-limit/-/p-limit-2.2.0.tgz",
            "integrity": "sha512-pZbTJpoUsCzV48Mc9Nh51VbwO0X9cuPFE8gYwx9BTCt9SF8/b7Zljd2fVgOxhIF/HDTKgpVzs+GPhyKfjLLFRQ==",
            "requires": {
                "p-try": "^2.0.0"
            }
        },
        "p-locate": {
            "version": "3.0.0",
            "resolved": "https://registry.npmjs.org/p-locate/-/p-locate-3.0.0.tgz",
            "integrity": "sha512-x+12w/To+4GFfgJhBEpiDcLozRJGegY+Ei7/z0tSLkMmxGZNybVMSfWj9aJn8Z5Fc7dBUNJOOVgPv2H7IwulSQ==",
            "requires": {
                "p-limit": "^2.0.0"
            }
        },
        "p-try": {
            "version": "2.2.0",
            "resolved": "https://registry.npmjs.org/p-try/-/p-try-2.2.0.tgz",
            "integrity": "sha512-R4nPAVTAU0B9D35/Gk3uJf/7XYbQcyohSKdvAxIRSNghFl4e71hVoGnBNQz9cWaXxO2I10KTC+3jMdvvoKw6dQ=="
        },
        "path-exists": {
            "version": "3.0.0",
            "resolved": "https://registry.npmjs.org/path-exists/-/path-exists-3.0.0.tgz",
            "integrity": "sha1-zg6+ql94yxiSXqfYENe1mwEP1RU="
        },
        "path-is-absolute": {
            "version": "1.0.1",
            "resolved": "https://registry.npmjs.org/path-is-absolute/-/path-is-absolute-1.0.1.tgz",
            "integrity": "sha1-F0uSaHNVNP+8es5r9TpanhtcX18="
        },
        "rfc-3986": {
            "version": "1.0.1",
            "resolved": "https://registry.npmjs.org/rfc-3986/-/rfc-3986-1.0.1.tgz",
            "integrity": "sha1-7uuINC+tvoAnwPNq2pIaE+b5YgY="
        },
        "rfdc": {
            "version": "1.1.2",
            "resolved": "https://registry.npmjs.org/rfdc/-/rfdc-1.1.2.tgz",
            "integrity": "sha512-92ktAgvZhBzYTIK0Mja9uen5q5J3NRVMoDkJL2VMwq6SXjVCgqvQeVP2XAaUY6HT+XpQYeLSjb3UoitBryKmdA=="
        },
        "semver": {
            "version": "6.0.0",
            "resolved": "https://registry.npmjs.org/semver/-/semver-6.0.0.tgz",
            "integrity": "sha512-0UewU+9rFapKFnlbirLi3byoOuhrSsli/z/ihNnvM24vgF+8sNBiI1LZPBSH9wJKUwaUbw+s3hToDLCXkrghrQ=="
        },
        "streamroller": {
            "version": "1.0.4",
            "resolved": "https://registry.npmjs.org/streamroller/-/streamroller-1.0.4.tgz",
            "integrity": "sha512-Wc2Gm5ygjSX8ZpW9J7Y9FwiSzTlKSvcl0FTTMd3rn7RoxDXpBW+xD9TY5sWL2n0UR61COB0LG1BQvN6nTUQbLQ==",
            "requires": {
                "async": "^2.6.1",
                "date-format": "^2.0.0",
                "debug": "^3.1.0",
                "fs-extra": "^7.0.0",
                "lodash": "^4.17.10"
            },
            "dependencies": {
                "debug": {
                    "version": "3.2.6",
                    "resolved": "https://registry.npmjs.org/debug/-/debug-3.2.6.tgz",
                    "integrity": "sha512-mel+jf7nrtEl5Pn1Qx46zARXKDpBbvzezse7p7LqINmdoIk8PYP5SySaxEmYv6TZ0JyEKA1hsCId6DIhgITtWQ==",
                    "requires": {
                        "ms": "^2.1.1"
                    }
                }
            }
        },
        "tslib": {
            "version": "1.9.3",
            "resolved": "https://registry.npmjs.org/tslib/-/tslib-1.9.3.tgz",
            "integrity": "sha512-4krF8scpejhaOgqzBEcGM7yDIEfi0/8+8zDRZhNZZ2kjmHJ4hv3zCbQWxoJGz1iw5U0Jl0nma13xzHXcncMavQ=="
        },
        "typescript": {
            "version": "3.4.5",
            "resolved": "https://registry.npmjs.org/typescript/-/typescript-3.4.5.tgz",
            "integrity": "sha512-YycBxUb49UUhdNMU5aJ7z5Ej2XGmaIBL0x34vZ82fn3hGvD+bgrMrVDpatgz2f7YxUMJxMkbWxJZeAvDxVe7Vw==",
            "dev": true
        },
        "universalify": {
            "version": "0.1.2",
            "resolved": "https://registry.npmjs.org/universalify/-/universalify-0.1.2.tgz",
            "integrity": "sha512-rBJeI5CXAlmy1pV+617WB9J63U6XcazHHF2f2dbJix4XzpUF0RS3Zbj0FGIOCAva5P/d/GBOYaACQ1w+0azUkg=="
        },
        "uuid": {
            "version": "3.3.2",
            "resolved": "https://registry.npmjs.org/uuid/-/uuid-3.3.2.tgz",
            "integrity": "sha512-yXJmeNaw3DnnKAOKJE51sL/ZaYfWJRl1pK9dr19YFCu0ObS231AB1/LbqTKRAQ5kw8A90rA6fr4riOUpTZvQZA=="
        },
        "vscode-jsonrpc": {
            "version": "4.1.0-next.2",
            "resolved": "https://registry.npmjs.org/vscode-jsonrpc/-/vscode-jsonrpc-4.1.0-next.2.tgz",
            "integrity": "sha512-GsBLjP9DxQ42yl1mW9GEIlnSc0+R8mfzhaebwmmTPEJjezD5SPoAo3DFrIAFZha9yvQ1nzZfZlhtVpGQmgxtXg=="
        },
        "vscode-languageserver-protocol": {
            "version": "3.15.0-next.5",
            "resolved": "https://registry.npmjs.org/vscode-languageserver-protocol/-/vscode-languageserver-protocol-3.15.0-next.5.tgz",
            "integrity": "sha512-rR7Zo5WZTGSsE9lq7pPSgO+VMhVV8UVq6emrDoQ3x5dUyhLKB2/gbMkGKucQpsKGLtF/NuccCa+3jMsO788HjQ==",
            "requires": {
                "vscode-jsonrpc": "^4.1.0-next.2",
                "vscode-languageserver-types": "3.15.0-next.1"
            }
        },
        "vscode-languageserver-types": {
            "version": "3.15.0-next.1",
            "resolved": "https://registry.npmjs.org/vscode-languageserver-types/-/vscode-languageserver-types-3.15.0-next.1.tgz",
            "integrity": "sha512-R0kzmaI8gOGEoU7b9huYQAzgZzRQ/5Q8HKjsIUdfz0MjXcBZ4tr1ik1So1p1O5kGrI1VTCd22Fw/wI7ECGoIPw=="
        },
        "vscode-uri": {
            "version": "1.0.6",
            "resolved": "https://registry.npmjs.org/vscode-uri/-/vscode-uri-1.0.6.tgz",
            "integrity": "sha512-sLI2L0uGov3wKVb9EB+vIQBl9tVP90nqRvxSoJ35vI3NjxE8jfsE5DSOhWgSunHSZmKS4OCi2jrtfxK7uyp2ww=="
        },
        "which": {
            "version": "1.3.1",
            "resolved": "https://registry.npmjs.org/which/-/which-1.3.1.tgz",
            "integrity": "sha512-HxJdYWq1MTIQbJ3nw0cqssHoTNU267KlrDuGZ1WYlxDStUtKUhOaJmh112/TZmHxxUfuJqPXSOm7tDyas0OSIQ==",
            "requires": {
                "isexe": "^2.0.0"
            }
        },
        "wrappy": {
            "version": "1.0.2",
            "resolved": "https://registry.npmjs.org/wrappy/-/wrappy-1.0.2.tgz",
            "integrity": "sha1-tSQ9jz7BqjXxNkYFvA0QNuMKtp8="
        }
    }
}
